
Microsoft Visual Studio Solution File, Format Version 12.00
# Visual Studio Version 16
VisualStudioVersion = 16.0.30804.86
MinimumVisualStudioVersion = 10.0.40219.1
Project("{FAE04EC0-301F-11D3-BF4B-00C04F79EFBC}") = "LibUsbDfu", "LibUsbDfu\LibUsbDfu.csproj", "{B67E6905-CE7B-4E83-BF8A-3F122891BBB7}"
EndProject
Project("{FAE04EC0-301F-11D3-BF4B-00C04F79EFBC}") = "LibUsbDfu.Cli", "LibUsbDfu.Cli\LibUsbDfu.Cli.csproj", "{CE7FAF03-0DDE-4938-A5A2-F6A46495973B}"
EndProject
Global
	GlobalSection(SolutionConfigurationPlatforms) = preSolution
		Debug|Any CPU = Debug|Any CPU
		Release|Any CPU = Release|Any CPU
	EndGlobalSection
	GlobalSection(ProjectConfigurationPlatforms) = postSolution
		{B67E6905-CE7B-4E83-BF8A-3F122891BBB7}.Debug|Any CPU.ActiveCfg = Debug|Any CPU
		{B67E6905-CE7B-4E83-BF8A-3F122891BBB7}.Debug|Any CPU.Build.0 = Debug|Any CPU
		{B67E6905-CE7B-4E83-BF8A-3F122891BBB7}.Release|Any CPU.ActiveCfg = Release|Any CPU
		{B67E6905-CE7B-4E83-BF8A-3F122891BBB7}.Release|Any CPU.Build.0 = Release|Any CPU
		{CE7FAF03-0DDE-4938-A5A2-F6A46495973B}.Debug|Any CPU.ActiveCfg = Debug|Any CPU
		{CE7FAF03-0DDE-4938-A5A2-F6A46495973B}.Debug|Any CPU.Build.0 = Debug|Any CPU
		{CE7FAF03-0DDE-4938-A5A2-F6A46495973B}.Release|Any CPU.ActiveCfg = Release|Any CPU
		{CE7FAF03-0DDE-4938-A5A2-F6A46495973B}.Release|Any CPU.Build.0 = Release|Any CPU
	EndGlobalSection
	GlobalSection(SolutionProperties) = preSolution
		HideSolutionNode = FALSE
	EndGlobalSection
	GlobalSection(ExtensibilityGlobals) = postSolution
		SolutionGuid = {7E9FC6FB-82DF-4843-B974-91C964A68036}
	EndGlobalSection
EndGlobal
