
Microsoft Visual Studio Solution File, Format Version 12.00
# Visual Studio Version 17
VisualStudioVersion = 17.13.35931.197
MinimumVisualStudioVersion = 10.0.40219.1
Project("{FAE04EC0-301F-11D3-BF4B-00C04F79EFBC}") = "LibUsbDfu", "LibUsbDfu\LibUsbDfu.csproj", "{B67E6905-CE7B-4E83-BF8A-3F122891BBB7}"
	ProjectSection(ProjectDependencies) = postProject
		{708B160E-B770-4B0B-A179-5244EFA0BFC9} = {708B160E-B770-4B0B-A179-5244EFA0BFC9}
	EndProjectSection
EndProject
Project("{FAE04EC0-301F-11D3-BF4B-00C04F79EFBC}") = "LibUsbDfu.Cli", "LibUsbDfu.Cli\LibUsbDfu.Cli.csproj", "{CE7FAF03-0DDE-4938-A5A2-F6A46495973B}"
EndProject
Project("{FAE04EC0-301F-11D3-BF4B-00C04F79EFBC}") = "DeviceProgramming", "DeviceProgramming\DeviceProgramming.csproj", "{708B160E-B770-4B0B-A179-5244EFA0BFC9}"
EndProject
Project("{FAE04EC0-301F-11D3-BF4B-00C04F79EFBC}") = "DeviceProgramming.Tests", "DeviceProgramming.Tests\DeviceProgramming.Tests.csproj", "{7E6B9584-A455-4F30-8C0D-0E309EB64761}"
EndProject
Global
	GlobalSection(SolutionConfigurationPlatforms) = preSolution
		Debug|Any CPU = Debug|Any CPU
		Debug|x64 = Debug|x64
		Debug|x86 = Debug|x86
		Release|Any CPU = Release|Any CPU
		Release|x64 = Release|x64
		Release|x86 = Release|x86
	EndGlobalSection
	GlobalSection(ProjectConfigurationPlatforms) = postSolution
		{B67E6905-CE7B-4E83-BF8A-3F122891BBB7}.Debug|Any CPU.ActiveCfg = Debug|Any CPU
		{B67E6905-CE7B-4E83-BF8A-3F122891BBB7}.Debug|Any CPU.Build.0 = Debug|Any CPU
		{B67E6905-CE7B-4E83-BF8A-3F122891BBB7}.Debug|x64.ActiveCfg = Debug|Any CPU
		{B67E6905-CE7B-4E83-BF8A-3F122891BBB7}.Debug|x64.Build.0 = Debug|Any CPU
		{B67E6905-CE7B-4E83-BF8A-3F122891BBB7}.Debug|x86.ActiveCfg = Debug|Any CPU
		{B67E6905-CE7B-4E83-BF8A-3F122891BBB7}.Debug|x86.Build.0 = Debug|Any CPU
		{B67E6905-CE7B-4E83-BF8A-3F122891BBB7}.Release|Any CPU.ActiveCfg = Release|Any CPU
		{B67E6905-CE7B-4E83-BF8A-3F122891BBB7}.Release|Any CPU.Build.0 = Release|Any CPU
		{B67E6905-CE7B-4E83-BF8A-3F122891BBB7}.Release|x64.ActiveCfg = Release|Any CPU
		{B67E6905-CE7B-4E83-BF8A-3F122891BBB7}.Release|x64.Build.0 = Release|Any CPU
		{B67E6905-CE7B-4E83-BF8A-3F122891BBB7}.Release|x86.ActiveCfg = Release|Any CPU
		{B67E6905-CE7B-4E83-BF8A-3F122891BBB7}.Release|x86.Build.0 = Release|Any CPU
		{CE7FAF03-0DDE-4938-A5A2-F6A46495973B}.Debug|Any CPU.ActiveCfg = Debug|Any CPU
		{CE7FAF03-0DDE-4938-A5A2-F6A46495973B}.Debug|Any CPU.Build.0 = Debug|Any CPU
		{CE7FAF03-0DDE-4938-A5A2-F6A46495973B}.Debug|x64.ActiveCfg = Debug|Any CPU
		{CE7FAF03-0DDE-4938-A5A2-F6A46495973B}.Debug|x64.Build.0 = Debug|Any CPU
		{CE7FAF03-0DDE-4938-A5A2-F6A46495973B}.Debug|x86.ActiveCfg = Debug|Any CPU
		{CE7FAF03-0DDE-4938-A5A2-F6A46495973B}.Debug|x86.Build.0 = Debug|Any CPU
		{CE7FAF03-0DDE-4938-A5A2-F6A46495973B}.Release|Any CPU.ActiveCfg = Release|Any CPU
		{CE7FAF03-0DDE-4938-A5A2-F6A46495973B}.Release|Any CPU.Build.0 = Release|Any CPU
		{CE7FAF03-0DDE-4938-A5A2-F6A46495973B}.Release|x64.ActiveCfg = Release|Any CPU
		{CE7FAF03-0DDE-4938-A5A2-F6A46495973B}.Release|x64.Build.0 = Release|Any CPU
		{CE7FAF03-0DDE-4938-A5A2-F6A46495973B}.Release|x86.ActiveCfg = Release|Any CPU
		{CE7FAF03-0DDE-4938-A5A2-F6A46495973B}.Release|x86.Build.0 = Release|Any CPU
		{708B160E-B770-4B0B-A179-5244EFA0BFC9}.Debug|Any CPU.ActiveCfg = Debug|Any CPU
		{708B160E-B770-4B0B-A179-5244EFA0BFC9}.Debug|Any CPU.Build.0 = Debug|Any CPU
		{708B160E-B770-4B0B-A179-5244EFA0BFC9}.Debug|x64.ActiveCfg = Debug|Any CPU
		{708B160E-B770-4B0B-A179-5244EFA0BFC9}.Debug|x64.Build.0 = Debug|Any CPU
		{708B160E-B770-4B0B-A179-5244EFA0BFC9}.Debug|x86.ActiveCfg = Debug|Any CPU
		{708B160E-B770-4B0B-A179-5244EFA0BFC9}.Debug|x86.Build.0 = Debug|Any CPU
		{708B160E-B770-4B0B-A179-5244EFA0BFC9}.Release|Any CPU.ActiveCfg = Release|Any CPU
		{708B160E-B770-4B0B-A179-5244EFA0BFC9}.Release|Any CPU.Build.0 = Release|Any CPU
		{708B160E-B770-4B0B-A179-5244EFA0BFC9}.Release|x64.ActiveCfg = Release|Any CPU
		{708B160E-B770-4B0B-A179-5244EFA0BFC9}.Release|x64.Build.0 = Release|Any CPU
		{708B160E-B770-4B0B-A179-5244EFA0BFC9}.Release|x86.ActiveCfg = Release|Any CPU
		{708B160E-B770-4B0B-A179-5244EFA0BFC9}.Release|x86.Build.0 = Release|Any CPU
		{7E6B9584-A455-4F30-8C0D-0E309EB64761}.Debug|Any CPU.ActiveCfg = Debug|Any CPU
		{7E6B9584-A455-4F30-8C0D-0E309EB64761}.Debug|Any CPU.Build.0 = Debug|Any CPU
		{7E6B9584-A455-4F30-8C0D-0E309EB64761}.Debug|x64.ActiveCfg = Debug|Any CPU
		{7E6B9584-A455-4F30-8C0D-0E309EB64761}.Debug|x64.Build.0 = Debug|Any CPU
		{7E6B9584-A455-4F30-8C0D-0E309EB64761}.Debug|x86.ActiveCfg = Debug|Any CPU
		{7E6B9584-A455-4F30-8C0D-0E309EB64761}.Debug|x86.Build.0 = Debug|Any CPU
		{7E6B9584-A455-4F30-8C0D-0E309EB64761}.Release|Any CPU.ActiveCfg = Release|Any CPU
		{7E6B9584-A455-4F30-8C0D-0E309EB64761}.Release|Any CPU.Build.0 = Release|Any CPU
		{7E6B9584-A455-4F30-8C0D-0E309EB64761}.Release|x64.ActiveCfg = Release|Any CPU
		{7E6B9584-A455-4F30-8C0D-0E309EB64761}.Release|x64.Build.0 = Release|Any CPU
		{7E6B9584-A455-4F30-8C0D-0E309EB64761}.Release|x86.ActiveCfg = Release|Any CPU
		{7E6B9584-A455-4F30-8C0D-0E309EB64761}.Release|x86.Build.0 = Release|Any CPU
	EndGlobalSection
	GlobalSection(SolutionProperties) = preSolution
		HideSolutionNode = FALSE
	EndGlobalSection
	GlobalSection(ExtensibilityGlobals) = postSolution
		SolutionGuid = {7E9FC6FB-82DF-4843-B974-91C964A68036}
	EndGlobalSection
EndGlobal
